// !$*UTF8*$!
{
	archiveVersion = 1;
	classes = {
	};
	objectVersion = 50;
	objects = {

/* Begin PBXBuildFile section */
		CC43ABB220C12C2100B62E34 /* AppDelegate.swift in Sources */ = {isa = PBXBuildFile; fileRef = CC43ABB120C12C2100B62E34 /* AppDelegate.swift */; };
		CC43ABB420C12C2100B62E34 /* ViewController.swift in Sources */ = {isa = PBXBuildFile; fileRef = CC43ABB320C12C2100B62E34 /* ViewController.swift */; };
		CC43ABB720C12C2100B62E34 /* Main.storyboard in Resources */ = {isa = PBXBuildFile; fileRef = CC43ABB520C12C2100B62E34 /* Main.storyboard */; };
		CC43ABB920C12C2100B62E34 /* Assets.xcassets in Resources */ = {isa = PBXBuildFile; fileRef = CC43ABB820C12C2100B62E34 /* Assets.xcassets */; };
		CC43ABBC20C12C2100B62E34 /* LaunchScreen.storyboard in Resources */ = {isa = PBXBuildFile; fileRef = CC43ABBA20C12C2100B62E34 /* LaunchScreen.storyboard */; };
		CC43ABC420C12CC000B62E34 /* buttonControll.swift in Sources */ = {isa = PBXBuildFile; fileRef = CC43ABC320C12CC000B62E34 /* buttonControll.swift */; };
		CC43ABC620C12CDB00B62E34 /* viewControll.swift in Sources */ = {isa = PBXBuildFile; fileRef = CC43ABC520C12CDB00B62E34 /* viewControll.swift */; };
/* End PBXBuildFile section */

/* Begin PBXFileReference section */
		CC43ABAE20C12C2100B62E34 /* 뷰 컨트롤러 연습.app */ = {isa = PBXFileReference; explicitFileType = wrapper.application; includeInIndex = 0; path = "뷰 컨트롤러 연습.app"; sourceTree = BUILT_PRODUCTS_DIR; };
		CC43ABB120C12C2100B62E34 /* AppDelegate.swift */ = {isa = PBXFileReference; lastKnownFileType = sourcecode.swift; path = AppDelegate.swift; sourceTree = "<group>"; };
		CC43ABB320C12C2100B62E34 /* ViewController.swift */ = {isa = PBXFileReference; lastKnownFileType = sourcecode.swift; path = ViewController.swift; sourceTree = "<group>"; };
		CC43ABB620C12C2100B62E34 /* Base */ = {isa = PBXFileReference; lastKnownFileType = file.storyboard; name = Base; path = Base.lproj/Main.storyboard; sourceTree = "<group>"; };
		CC43ABB820C12C2100B62E34 /* Assets.xcassets */ = {isa = PBXFileReference; lastKnownFileType = folder.assetcatalog; path = Assets.xcassets; sourceTree = "<group>"; };
		CC43ABBB20C12C2100B62E34 /* Base */ = {isa = PBXFileReference; lastKnownFileType = file.storyboard; name = Base; path = Base.lproj/LaunchScreen.storyboard; sourceTree = "<group>"; };
		CC43ABBD20C12C2100B62E34 /* Info.plist */ = {isa = PBXFileReference; lastKnownFileType = text.plist.xml; path = Info.plist; sourceTree = "<group>"; };
		CC43ABC320C12CC000B62E34 /* buttonControll.swift */ = {isa = PBXFileReference; lastKnownFileType = sourcecode.swift; path = buttonControll.swift; sourceTree = "<group>"; };
		CC43ABC520C12CDB00B62E34 /* viewControll.swift */ = {isa = PBXFileReference; lastKnownFileType = sourcecode.swift; path = viewControll.swift; sourceTree = "<group>"; };
/* End PBXFileReference section */

/* Begin PBXFrameworksBuildPhase section */
		CC43ABAB20C12C2100B62E34 /* Frameworks */ = {
			isa = PBXFrameworksBuildPhase;
			buildActionMask = 2147483647;
			files = (
			);
			runOnlyForDeploymentPostprocessing = 0;
		};
/* End PBXFrameworksBuildPhase section */

/* Begin PBXGroup section */
		CC43ABA520C12C2100B62E34 = {
			isa = PBXGroup;
			children = (
				CC43ABB020C12C2100B62E34 /* 뷰 컨트롤러 연습 */,
				CC43ABAF20C12C2100B62E34 /* Products */,
			);
			sourceTree = "<group>";
		};
		CC43ABAF20C12C2100B62E34 /* Products */ = {
			isa = PBXGroup;
			children = (
				CC43ABAE20C12C2100B62E34 /* 뷰 컨트롤러 연습.app */,
			);
			name = Products;
			sourceTree = "<group>";
		};
		CC43ABB020C12C2100B62E34 /* 뷰 컨트롤러 연습 */ = {
			isa = PBXGroup;
			children = (
				CC43ABB120C12C2100B62E34 /* AppDelegate.swift */,
				CC43ABB320C12C2100B62E34 /* ViewController.swift */,
				CC43ABB520C12C2100B62E34 /* Main.storyboard */,
				CC43ABC320C12CC000B62E34 /* buttonControll.swift */,
				CC43ABC520C12CDB00B62E34 /* viewControll.swift */,
				CC43ABB820C12C2100B62E34 /* Assets.xcassets */,
				CC43ABBA20C12C2100B62E34 /* LaunchScreen.storyboard */,
				CC43ABBD20C12C2100B62E34 /* Info.plist */,
			);
			path = "뷰 컨트롤러 연습";
			sourceTree = "<group>";
		};
/* End PBXGroup section */

/* Begin PBXNativeTarget section */
		CC43ABAD20C12C2100B62E34 /* 뷰 컨트롤러 연습 */ = {
			isa = PBXNativeTarget;
			buildConfigurationList = CC43ABC020C12C2100B62E34 /* Build configuration list for PBXNativeTarget "뷰 컨트롤러 연습" */;
			buildPhases = (
				CC43ABAA20C12C2100B62E34 /* Sources */,
				CC43ABAB20C12C2100B62E34 /* Frameworks */,
				CC43ABAC20C12C2100B62E34 /* Resources */,
			);
			buildRules = (
			);
			dependencies = (
			);
			name = "뷰 컨트롤러 연습";
			productName = "뷰 컨트롤러 연습";
			productReference = CC43ABAE20C12C2100B62E34 /* 뷰 컨트롤러 연습.app */;
			productType = "com.apple.product-type.application";
		};
/* End PBXNativeTarget section */

/* Begin PBXProject section */
		CC43ABA620C12C2100B62E34 /* Project object */ = {
			isa = PBXProject;
			attributes = {
				LastSwiftUpdateCheck = 0940;
				LastUpgradeCheck = 0940;
				ORGANIZATIONNAME = "김민웅";
				TargetAttributes = {
					CC43ABAD20C12C2100B62E34 = {
						CreatedOnToolsVersion = 9.4;
					};
				};
			};
			buildConfigurationList = CC43ABA920C12C2100B62E34 /* Build configuration list for PBXProject "뷰 컨트롤러 연습" */;
			compatibilityVersion = "Xcode 9.3";
			developmentRegion = en;
			hasScannedForEncodings = 0;
			knownRegions = (
				en,
				Base,
			);
			mainGroup = CC43ABA520C12C2100B62E34;
			productRefGroup = CC43ABAF20C12C2100B62E34 /* Products */;
			projectDirPath = "";
			projectRoot = "";
			targets = (
				CC43ABAD20C12C2100B62E34 /* 뷰 컨트롤러 연습 */,
			);
		};
/* End PBXProject section */

/* Begin PBXResourcesBuildPhase section */
		CC43ABAC20C12C2100B62E34 /* Resources */ = {
			isa = PBXResourcesBuildPhase;
			buildActionMask = 2147483647;
			files = (
				CC43ABBC20C12C2100B62E34 /* LaunchScreen.storyboard in Resources */,
				CC43ABB920C12C2100B62E34 /* Assets.xcassets in Resources */,
				CC43ABB720C12C2100B62E34 /* Main.storyboard in Resources */,
			);
			runOnlyForDeploymentPostprocessing = 0;
		};
/* End PBXResourcesBuildPhase section */

/* Begin PBXSourcesBuildPhase section */
		CC43ABAA20C12C2100B62E34 /* Sources */ = {
			isa = PBXSourcesBuildPhase;
			buildActionMask = 2147483647;
			files = (
				CC43ABC420C12CC000B62E34 /* buttonControll.swift in Sources */,
				CC43ABC620C12CDB00B62E34 /* viewControll.swift in Sources */,
				CC43ABB420C12C2100B62E34 /* ViewController.swift in Sources */,
				CC43ABB220C12C2100B62E34 /* AppDelegate.swift in Sources */,
			);
			runOnlyForDeploymentPostprocessing = 0;
		};
/* End PBXSourcesBuildPhase section */

/* Begin PBXVariantGroup section */
		CC43ABB520C12C2100B62E34 /* Main.storyboard */ = {
			isa = PBXVariantGroup;
			children = (
				CC43ABB620C12C2100B62E34 /* Base */,
			);
			name = Main.storyboard;
			sourceTree = "<group>";
		};
		CC43ABBA20C12C2100B62E34 /* LaunchScreen.storyboard */ = {
			isa = PBXVariantGroup;
			children = (
				CC43ABBB20C12C2100B62E34 /* Base */,
			);
			name = LaunchScreen.storyboard;
			sourceTree = "<group>";
		};
/* End PBXVariantGroup section */

/* Begin XCBuildConfiguration section */
		CC43ABBE20C12C2100B62E34 /* Debug */ = {
			isa = XCBuildConfiguration;
			buildSettings = {
				ALWAYS_SEARCH_USER_PATHS = NO;
				CLANG_ANALYZER_NONNULL = YES;
				CLANG_ANALYZER_NUMBER_OBJECT_CONVERSION = YES_AGGRESSIVE;
				CLANG_CXX_LANGUAGE_STANDARD = "gnu++14";
				CLANG_CXX_LIBRARY = "libc++";
				CLANG_ENABLE_MODULES = YES;
				CLANG_ENABLE_OBJC_ARC = YES;
				CLANG_ENABLE_OBJC_WEAK = YES;
				CLANG_WARN_BLOCK_CAPTURE_AUTORELEASING = YES;
				CLANG_WARN_BOOL_CONVERSION = YES;
				CLANG_WARN_COMMA = YES;
				CLANG_WARN_CONSTANT_CONVERSION = YES;
				CLANG_WARN_DEPRECATED_OBJC_IMPLEMENTATIONS = YES;
				CLANG_WARN_DIRECT_OBJC_ISA_USAGE = YES_ERROR;
				CLANG_WARN_DOCUMENTATION_COMMENTS = YES;
				CLANG_WARN_EMPTY_BODY = YES;
				CLANG_WARN_ENUM_CONVERSION = YES;
				CLANG_WARN_INFINITE_RECURSION = YES;
				CLANG_WARN_INT_CONVERSION = YES;
				CLANG_WARN_NON_LITERAL_NULL_CONVERSION = YES;
				CLANG_WARN_OBJC_IMPLICIT_RETAIN_SELF = YES;
				CLANG_WARN_OBJC_LITERAL_CONVERSION = YES;
				CLANG_WARN_OBJC_ROOT_CLASS = YES_ERROR;
				CLANG_WARN_RANGE_LOOP_ANALYSIS = YES;
				CLANG_WARN_STRICT_PROTOTYPES = YES;
				CLANG_WARN_SUSPICIOUS_MOVE = YES;
				CLANG_WARN_UNGUARDED_AVAILABILITY = YES_AGGRESSIVE;
				CLANG_WARN_UNREACHABLE_CODE = YES;
				CLANG_WARN__DUPLICATE_METHOD_MATCH = YES;
				CODE_SIGN_IDENTITY = "iPhone Developer";
				COPY_PHASE_STRIP = NO;
				DEBUG_INFORMATION_FORMAT = dwarf;
				ENABLE_STRICT_OBJC_MSGSEND = YES;
				ENABLE_TESTABILITY = YES;
				GCC_C_LANGUAGE_STANDARD = gnu11;
				GCC_DYNAMIC_NO_PIC = NO;
				GCC_NO_COMMON_BLOCKS = YES;
				GCC_OPTIMIZATION_LEVEL = 0;
				GCC_PREPROCESSOR_DEFINITIONS = (
					"DEBUG=1",
					"$(inherited)",
				);
				GCC_WARN_64_TO_32_BIT_CONVERSION = YES;
				GCC_WARN_ABOUT_RETURN_TYPE = YES_ERROR;
				GCC_WARN_UNDECLARED_SELECTOR = YES;
				GCC_WARN_UNINITIALIZED_AUTOS = YES_AGGRESSIVE;
				GCC_WARN_UNUSED_FUNCTION = YES;
				GCC_WARN_UNUSED_VARIABLE = YES;
				IPHONEOS_DEPLOYMENT_TARGET = 11.4;
				MTL_ENABLE_DEBUG_INFO = YES;
				ONLY_ACTIVE_ARCH = YES;
				SDKROOT = iphoneos;
				SWIFT_ACTIVE_COMPILATION_CONDITIONS = DEBUG;
				SWIFT_OPTIMIZATION_LEVEL = "-Onone";
			};
			name = Debug;
		};
		CC43ABBF20C12C2100B62E34 /* Release */ = {
			isa = XCBuildConfiguration;
			buildSettings = {
				ALWAYS_SEARCH_USER_PATHS = NO;
				CLANG_ANALYZER_NONNULL = YES;
				CLANG_ANALYZER_NUMBER_OBJECT_CONVERSION = YES_AGGRESSIVE;
				CLANG_CXX_LANGUAGE_STANDARD = "gnu++14";
				CLANG_CXX_LIBRARY = "libc++";
				CLANG_ENABLE_MODULES = YES;
				CLANG_ENABLE_OBJC_ARC = YES;
				CLANG_ENABLE_OBJC_WEAK = YES;
				CLANG_WARN_BLOCK_CAPTURE_AUTORELEASING = YES;
				CLANG_WARN_BOOL_CONVERSION = YES;
				CLANG_WARN_COMMA = YES;
				CLANG_WARN_CONSTANT_CONVERSION = YES;
				CLANG_WARN_DEPRECATED_OBJC_IMPLEMENTATIONS = YES;
				CLANG_WARN_DIRECT_OBJC_ISA_USAGE = YES_ERROR;
				CLANG_WARN_DOCUMENTATION_COMMENTS = YES;
				CLANG_WARN_EMPTY_BODY = YES;
				CLANG_WARN_ENUM_CONVERSION = YES;
				CLANG_WARN_INFINITE_RECURSION = YES;
				CLANG_WARN_INT_CONVERSION = YES;
				CLANG_WARN_NON_LITERAL_NULL_CONVERSION = YES;
				CLANG_WARN_OBJC_IMPLICIT_RETAIN_SELF = YES;
				CLANG_WARN_OBJC_LITERAL_CONVERSION = YES;
				CLANG_WARN_OBJC_ROOT_CLASS = YES_ERROR;
				CLANG_WARN_RANGE_LOOP_ANALYSIS = YES;
				CLANG_WARN_STRICT_PROTOTYPES = YES;
				CLANG_WARN_SUSPICIOUS_MOVE = YES;
				CLANG_WARN_UNGUARDED_AVAILABILITY = YES_AGGRESSIVE;
				CLANG_WARN_UNREACHABLE_CODE = YES;
				CLANG_WARN__DUPLICATE_METHOD_MATCH = YES;
				CODE_SIGN_IDENTITY = "iPhone Developer";
				COPY_PHASE_STRIP = NO;
				DEBUG_INFORMATION_FORMAT = "dwarf-with-dsym";
				ENABLE_NS_ASSERTIONS = NO;
				ENABLE_STRICT_OBJC_MSGSEND = YES;
				GCC_C_LANGUAGE_STANDARD = gnu11;
				GCC_NO_COMMON_BLOCKS = YES;
				GCC_WARN_64_TO_32_BIT_CONVERSION = YES;
				GCC_WARN_ABOUT_RETURN_TYPE = YES_ERROR;
				GCC_WARN_UNDECLARED_SELECTOR = YES;
				GCC_WARN_UNINITIALIZED_AUTOS = YES_AGGRESSIVE;
				GCC_WARN_UNUSED_FUNCTION = YES;
				GCC_WARN_UNUSED_VARIABLE = YES;
				IPHONEOS_DEPLOYMENT_TARGET = 11.4;
				MTL_ENABLE_DEBUG_INFO = NO;
				SDKROOT = iphoneos;
				SWIFT_COMPILATION_MODE = wholemodule;
				SWIFT_OPTIMIZATION_LEVEL = "-O";
				VALIDATE_PRODUCT = YES;
			};
			name = Release;
		};
		CC43ABC120C12C2100B62E34 /* Debug */ = {
			isa = XCBuildConfiguration;
			buildSettings = {
				ASSETCATALOG_COMPILER_APPICON_NAME = AppIcon;
				CODE_SIGN_STYLE = Automatic;
				DEVELOPMENT_TEAM = 5Z8G42AVKD;
				INFOPLIST_FILE = "뷰 컨트롤러 연습/Info.plist";
				LD_RUNPATH_SEARCH_PATHS = (
					"$(inherited)",
					"@executable_path/Frameworks",
				);
				PRODUCT_BUNDLE_IDENTIFIER = "kr.kimminung.--------------------";
				PRODUCT_NAME = "$(TARGET_NAME)";
				SWIFT_VERSION = 4.0;
				TARGETED_DEVICE_FAMILY = "1,2";
			};
			name = Debug;
		};
		CC43ABC220C12C2100B62E34 /* Release */ = {
			isa = XCBuildConfiguration;
			buildSettings = {
				ASSETCATALOG_COMPILER_APPICON_NAME = AppIcon;
				CODE_SIGN_STYLE = Automatic;
				DEVELOPMENT_TEAM = 5Z8G42AVKD;
				INFOPLIST_FILE = "뷰 컨트롤러 연습/Info.plist";
				LD_RUNPATH_SEARCH_PATHS = (
					"$(inherited)",
					"@executable_path/Frameworks",
				);
				PRODUCT_BUNDLE_IDENTIFIER = "kr.kimminung.--------------------";
				PRODUCT_NAME = "$(TARGET_NAME)";
				SWIFT_VERSION = 4.0;
				TARGETED_DEVICE_FAMILY = "1,2";
			};
			name = Release;
		};
/* End XCBuildConfiguration section */

/* Begin XCConfigurationList section */
		CC43ABA920C12C2100B62E34 /* Build configuration list for PBXProject "뷰 컨트롤러 연습" */ = {
			isa = XCConfigurationList;
			buildConfigurations = (
				CC43ABBE20C12C2100B62E34 /* Debug */,
				CC43ABBF20C12C2100B62E34 /* Release */,
			);
			defaultConfigurationIsVisible = 0;
			defaultConfigurationName = Release;
		};
		CC43ABC020C12C2100B62E34 /* Build configuration list for PBXNativeTarget "뷰 컨트롤러 연습" */ = {
			isa = XCConfigurationList;
			buildConfigurations = (
				CC43ABC120C12C2100B62E34 /* Debug */,
				CC43ABC220C12C2100B62E34 /* Release */,
			);
			defaultConfigurationIsVisible = 0;
			defaultConfigurationName = Release;
		};
/* End XCConfigurationList section */
	};
	rootObject = CC43ABA620C12C2100B62E34 /* Project object */;
}
