// !$*UTF8*$!
{
	archiveVersion = 1;
	classes = {
	};
	objectVersion = 50;
	objects = {

/* Begin PBXBuildFile section */
		CC4C8F6820BC041800C36B5B /* AppDelegate.swift in Sources */ = {isa = PBXBuildFile; fileRef = CC4C8F6720BC041800C36B5B /* AppDelegate.swift */; };
		CC4C8F6A20BC041800C36B5B /* ViewController.swift in Sources */ = {isa = PBXBuildFile; fileRef = CC4C8F6920BC041800C36B5B /* ViewController.swift */; };
		CC4C8F6D20BC041800C36B5B /* Main.storyboard in Resources */ = {isa = PBXBuildFile; fileRef = CC4C8F6B20BC041800C36B5B /* Main.storyboard */; };
		CC4C8F6F20BC041900C36B5B /* Assets.xcassets in Resources */ = {isa = PBXBuildFile; fileRef = CC4C8F6E20BC041900C36B5B /* Assets.xcassets */; };
		CC4C8F7220BC041900C36B5B /* LaunchScreen.storyboard in Resources */ = {isa = PBXBuildFile; fileRef = CC4C8F7020BC041900C36B5B /* LaunchScreen.storyboard */; };
		CC4C8F7A20BC052D00C36B5B /* ButtonViewController.swift in Sources */ = {isa = PBXBuildFile; fileRef = CC4C8F7920BC052D00C36B5B /* ButtonViewController.swift */; };
/* End PBXBuildFile section */

/* Begin PBXFileReference section */
		CC4C8F6420BC041800C36B5B /* Kim0528-2.app */ = {isa = PBXFileReference; explicitFileType = wrapper.application; includeInIndex = 0; path = "Kim0528-2.app"; sourceTree = BUILT_PRODUCTS_DIR; };
		CC4C8F6720BC041800C36B5B /* AppDelegate.swift */ = {isa = PBXFileReference; lastKnownFileType = sourcecode.swift; path = AppDelegate.swift; sourceTree = "<group>"; };
		CC4C8F6920BC041800C36B5B /* ViewController.swift */ = {isa = PBXFileReference; lastKnownFileType = sourcecode.swift; path = ViewController.swift; sourceTree = "<group>"; };
		CC4C8F6C20BC041800C36B5B /* Base */ = {isa = PBXFileReference; lastKnownFileType = file.storyboard; name = Base; path = Base.lproj/Main.storyboard; sourceTree = "<group>"; };
		CC4C8F6E20BC041900C36B5B /* Assets.xcassets */ = {isa = PBXFileReference; lastKnownFileType = folder.assetcatalog; path = Assets.xcassets; sourceTree = "<group>"; };
		CC4C8F7120BC041900C36B5B /* Base */ = {isa = PBXFileReference; lastKnownFileType = file.storyboard; name = Base; path = Base.lproj/LaunchScreen.storyboard; sourceTree = "<group>"; };
		CC4C8F7320BC041900C36B5B /* Info.plist */ = {isa = PBXFileReference; lastKnownFileType = text.plist.xml; path = Info.plist; sourceTree = "<group>"; };
		CC4C8F7920BC052D00C36B5B /* ButtonViewController.swift */ = {isa = PBXFileReference; lastKnownFileType = sourcecode.swift; path = ButtonViewController.swift; sourceTree = "<group>"; };
/* End PBXFileReference section */

/* Begin PBXFrameworksBuildPhase section */
		CC4C8F6120BC041800C36B5B /* Frameworks */ = {
			isa = PBXFrameworksBuildPhase;
			buildActionMask = 2147483647;
			files = (
			);
			runOnlyForDeploymentPostprocessing = 0;
		};
/* End PBXFrameworksBuildPhase section */

/* Begin PBXGroup section */
		CC4C8F5B20BC041800C36B5B = {
			isa = PBXGroup;
			children = (
				CC4C8F6620BC041800C36B5B /* Kim0528-2 */,
				CC4C8F6520BC041800C36B5B /* Products */,
			);
			sourceTree = "<group>";
		};
		CC4C8F6520BC041800C36B5B /* Products */ = {
			isa = PBXGroup;
			children = (
				CC4C8F6420BC041800C36B5B /* Kim0528-2.app */,
			);
			name = Products;
			sourceTree = "<group>";
		};
		CC4C8F6620BC041800C36B5B /* Kim0528-2 */ = {
			isa = PBXGroup;
			children = (
				CC4C8F6720BC041800C36B5B /* AppDelegate.swift */,
				CC4C8F6920BC041800C36B5B /* ViewController.swift */,
				CC4C8F6B20BC041800C36B5B /* Main.storyboard */,
				CC4C8F6E20BC041900C36B5B /* Assets.xcassets */,
				CC4C8F7020BC041900C36B5B /* LaunchScreen.storyboard */,
				CC4C8F7320BC041900C36B5B /* Info.plist */,
				CC4C8F7920BC052D00C36B5B /* ButtonViewController.swift */,
			);
			path = "Kim0528-2";
			sourceTree = "<group>";
		};
/* End PBXGroup section */

/* Begin PBXNativeTarget section */
		CC4C8F6320BC041800C36B5B /* Kim0528-2 */ = {
			isa = PBXNativeTarget;
			buildConfigurationList = CC4C8F7620BC041900C36B5B /* Build configuration list for PBXNativeTarget "Kim0528-2" */;
			buildPhases = (
				CC4C8F6020BC041800C36B5B /* Sources */,
				CC4C8F6120BC041800C36B5B /* Frameworks */,
				CC4C8F6220BC041800C36B5B /* Resources */,
			);
			buildRules = (
			);
			dependencies = (
			);
			name = "Kim0528-2";
			productName = "Kim0528-2";
			productReference = CC4C8F6420BC041800C36B5B /* Kim0528-2.app */;
			productType = "com.apple.product-type.application";
		};
/* End PBXNativeTarget section */

/* Begin PBXProject section */
		CC4C8F5C20BC041800C36B5B /* Project object */ = {
			isa = PBXProject;
			attributes = {
				LastSwiftUpdateCheck = 0930;
				LastUpgradeCheck = 0930;
				ORGANIZATIONNAME = "김민웅";
				TargetAttributes = {
					CC4C8F6320BC041800C36B5B = {
						CreatedOnToolsVersion = 9.3.1;
					};
				};
			};
			buildConfigurationList = CC4C8F5F20BC041800C36B5B /* Build configuration list for PBXProject "Kim0528-2" */;
			compatibilityVersion = "Xcode 9.3";
			developmentRegion = en;
			hasScannedForEncodings = 0;
			knownRegions = (
				en,
				Base,
			);
			mainGroup = CC4C8F5B20BC041800C36B5B;
			productRefGroup = CC4C8F6520BC041800C36B5B /* Products */;
			projectDirPath = "";
			projectRoot = "";
			targets = (
				CC4C8F6320BC041800C36B5B /* Kim0528-2 */,
			);
		};
/* End PBXProject section */

/* Begin PBXResourcesBuildPhase section */
		CC4C8F6220BC041800C36B5B /* Resources */ = {
			isa = PBXResourcesBuildPhase;
			buildActionMask = 2147483647;
			files = (
				CC4C8F7220BC041900C36B5B /* LaunchScreen.storyboard in Resources */,
				CC4C8F6F20BC041900C36B5B /* Assets.xcassets in Resources */,
				CC4C8F6D20BC041800C36B5B /* Main.storyboard in Resources */,
			);
			runOnlyForDeploymentPostprocessing = 0;
		};
/* End PBXResourcesBuildPhase section */

/* Begin PBXSourcesBuildPhase section */
		CC4C8F6020BC041800C36B5B /* Sources */ = {
			isa = PBXSourcesBuildPhase;
			buildActionMask = 2147483647;
			files = (
				CC4C8F6A20BC041800C36B5B /* ViewController.swift in Sources */,
				CC4C8F7A20BC052D00C36B5B /* ButtonViewController.swift in Sources */,
				CC4C8F6820BC041800C36B5B /* AppDelegate.swift in Sources */,
			);
			runOnlyForDeploymentPostprocessing = 0;
		};
/* End PBXSourcesBuildPhase section */

/* Begin PBXVariantGroup section */
		CC4C8F6B20BC041800C36B5B /* Main.storyboard */ = {
			isa = PBXVariantGroup;
			children = (
				CC4C8F6C20BC041800C36B5B /* Base */,
			);
			name = Main.storyboard;
			sourceTree = "<group>";
		};
		CC4C8F7020BC041900C36B5B /* LaunchScreen.storyboard */ = {
			isa = PBXVariantGroup;
			children = (
				CC4C8F7120BC041900C36B5B /* Base */,
			);
			name = LaunchScreen.storyboard;
			sourceTree = "<group>";
		};
/* End PBXVariantGroup section */

/* Begin XCBuildConfiguration section */
		CC4C8F7420BC041900C36B5B /* Debug */ = {
			isa = XCBuildConfiguration;
			buildSettings = {
				ALWAYS_SEARCH_USER_PATHS = NO;
				CLANG_ANALYZER_NONNULL = YES;
				CLANG_ANALYZER_NUMBER_OBJECT_CONVERSION = YES_AGGRESSIVE;
				CLANG_CXX_LANGUAGE_STANDARD = "gnu++14";
				CLANG_CXX_LIBRARY = "libc++";
				CLANG_ENABLE_MODULES = YES;
				CLANG_ENABLE_OBJC_ARC = YES;
				CLANG_ENABLE_OBJC_WEAK = YES;
				CLANG_WARN_BLOCK_CAPTURE_AUTORELEASING = YES;
				CLANG_WARN_BOOL_CONVERSION = YES;
				CLANG_WARN_COMMA = YES;
				CLANG_WARN_CONSTANT_CONVERSION = YES;
				CLANG_WARN_DEPRECATED_OBJC_IMPLEMENTATIONS = YES;
				CLANG_WARN_DIRECT_OBJC_ISA_USAGE = YES_ERROR;
				CLANG_WARN_DOCUMENTATION_COMMENTS = YES;
				CLANG_WARN_EMPTY_BODY = YES;
				CLANG_WARN_ENUM_CONVERSION = YES;
				CLANG_WARN_INFINITE_RECURSION = YES;
				CLANG_WARN_INT_CONVERSION = YES;
				CLANG_WARN_NON_LITERAL_NULL_CONVERSION = YES;
				CLANG_WARN_OBJC_IMPLICIT_RETAIN_SELF = YES;
				CLANG_WARN_OBJC_LITERAL_CONVERSION = YES;
				CLANG_WARN_OBJC_ROOT_CLASS = YES_ERROR;
				CLANG_WARN_RANGE_LOOP_ANALYSIS = YES;
				CLANG_WARN_STRICT_PROTOTYPES = YES;
				CLANG_WARN_SUSPICIOUS_MOVE = YES;
				CLANG_WARN_UNGUARDED_AVAILABILITY = YES_AGGRESSIVE;
				CLANG_WARN_UNREACHABLE_CODE = YES;
				CLANG_WARN__DUPLICATE_METHOD_MATCH = YES;
				CODE_SIGN_IDENTITY = "iPhone Developer";
				COPY_PHASE_STRIP = NO;
				DEBUG_INFORMATION_FORMAT = dwarf;
				ENABLE_STRICT_OBJC_MSGSEND = YES;
				ENABLE_TESTABILITY = YES;
				GCC_C_LANGUAGE_STANDARD = gnu11;
				GCC_DYNAMIC_NO_PIC = NO;
				GCC_NO_COMMON_BLOCKS = YES;
				GCC_OPTIMIZATION_LEVEL = 0;
				GCC_PREPROCESSOR_DEFINITIONS = (
					"DEBUG=1",
					"$(inherited)",
				);
				GCC_WARN_64_TO_32_BIT_CONVERSION = YES;
				GCC_WARN_ABOUT_RETURN_TYPE = YES_ERROR;
				GCC_WARN_UNDECLARED_SELECTOR = YES;
				GCC_WARN_UNINITIALIZED_AUTOS = YES_AGGRESSIVE;
				GCC_WARN_UNUSED_FUNCTION = YES;
				GCC_WARN_UNUSED_VARIABLE = YES;
				IPHONEOS_DEPLOYMENT_TARGET = 11.3;
				MTL_ENABLE_DEBUG_INFO = YES;
				ONLY_ACTIVE_ARCH = YES;
				SDKROOT = iphoneos;
				SWIFT_ACTIVE_COMPILATION_CONDITIONS = DEBUG;
				SWIFT_OPTIMIZATION_LEVEL = "-Onone";
			};
			name = Debug;
		};
		CC4C8F7520BC041900C36B5B /* Release */ = {
			isa = XCBuildConfiguration;
			buildSettings = {
				ALWAYS_SEARCH_USER_PATHS = NO;
				CLANG_ANALYZER_NONNULL = YES;
				CLANG_ANALYZER_NUMBER_OBJECT_CONVERSION = YES_AGGRESSIVE;
				CLANG_CXX_LANGUAGE_STANDARD = "gnu++14";
				CLANG_CXX_LIBRARY = "libc++";
				CLANG_ENABLE_MODULES = YES;
				CLANG_ENABLE_OBJC_ARC = YES;
				CLANG_ENABLE_OBJC_WEAK = YES;
				CLANG_WARN_BLOCK_CAPTURE_AUTORELEASING = YES;
				CLANG_WARN_BOOL_CONVERSION = YES;
				CLANG_WARN_COMMA = YES;
				CLANG_WARN_CONSTANT_CONVERSION = YES;
				CLANG_WARN_DEPRECATED_OBJC_IMPLEMENTATIONS = YES;
				CLANG_WARN_DIRECT_OBJC_ISA_USAGE = YES_ERROR;
				CLANG_WARN_DOCUMENTATION_COMMENTS = YES;
				CLANG_WARN_EMPTY_BODY = YES;
				CLANG_WARN_ENUM_CONVERSION = YES;
				CLANG_WARN_INFINITE_RECURSION = YES;
				CLANG_WARN_INT_CONVERSION = YES;
				CLANG_WARN_NON_LITERAL_NULL_CONVERSION = YES;
				CLANG_WARN_OBJC_IMPLICIT_RETAIN_SELF = YES;
				CLANG_WARN_OBJC_LITERAL_CONVERSION = YES;
				CLANG_WARN_OBJC_ROOT_CLASS = YES_ERROR;
				CLANG_WARN_RANGE_LOOP_ANALYSIS = YES;
				CLANG_WARN_STRICT_PROTOTYPES = YES;
				CLANG_WARN_SUSPICIOUS_MOVE = YES;
				CLANG_WARN_UNGUARDED_AVAILABILITY = YES_AGGRESSIVE;
				CLANG_WARN_UNREACHABLE_CODE = YES;
				CLANG_WARN__DUPLICATE_METHOD_MATCH = YES;
				CODE_SIGN_IDENTITY = "iPhone Developer";
				COPY_PHASE_STRIP = NO;
				DEBUG_INFORMATION_FORMAT = "dwarf-with-dsym";
				ENABLE_NS_ASSERTIONS = NO;
				ENABLE_STRICT_OBJC_MSGSEND = YES;
				GCC_C_LANGUAGE_STANDARD = gnu11;
				GCC_NO_COMMON_BLOCKS = YES;
				GCC_WARN_64_TO_32_BIT_CONVERSION = YES;
				GCC_WARN_ABOUT_RETURN_TYPE = YES_ERROR;
				GCC_WARN_UNDECLARED_SELECTOR = YES;
				GCC_WARN_UNINITIALIZED_AUTOS = YES_AGGRESSIVE;
				GCC_WARN_UNUSED_FUNCTION = YES;
				GCC_WARN_UNUSED_VARIABLE = YES;
				IPHONEOS_DEPLOYMENT_TARGET = 11.3;
				MTL_ENABLE_DEBUG_INFO = NO;
				SDKROOT = iphoneos;
				SWIFT_COMPILATION_MODE = wholemodule;
				SWIFT_OPTIMIZATION_LEVEL = "-O";
				VALIDATE_PRODUCT = YES;
			};
			name = Release;
		};
		CC4C8F7720BC041900C36B5B /* Debug */ = {
			isa = XCBuildConfiguration;
			buildSettings = {
				ASSETCATALOG_COMPILER_APPICON_NAME = AppIcon;
				CODE_SIGN_STYLE = Automatic;
				DEVELOPMENT_TEAM = 5Z8G42AVKD;
				INFOPLIST_FILE = "Kim0528-2/Info.plist";
				LD_RUNPATH_SEARCH_PATHS = (
					"$(inherited)",
					"@executable_path/Frameworks",
				);
				PRODUCT_BUNDLE_IDENTIFIER = "kr.kimminung.Kim0528-2";
				PRODUCT_NAME = "$(TARGET_NAME)";
				SWIFT_VERSION = 4.0;
				TARGETED_DEVICE_FAMILY = "1,2";
			};
			name = Debug;
		};
		CC4C8F7820BC041900C36B5B /* Release */ = {
			isa = XCBuildConfiguration;
			buildSettings = {
				ASSETCATALOG_COMPILER_APPICON_NAME = AppIcon;
				CODE_SIGN_STYLE = Automatic;
				DEVELOPMENT_TEAM = 5Z8G42AVKD;
				INFOPLIST_FILE = "Kim0528-2/Info.plist";
				LD_RUNPATH_SEARCH_PATHS = (
					"$(inherited)",
					"@executable_path/Frameworks",
				);
				PRODUCT_BUNDLE_IDENTIFIER = "kr.kimminung.Kim0528-2";
				PRODUCT_NAME = "$(TARGET_NAME)";
				SWIFT_VERSION = 4.0;
				TARGETED_DEVICE_FAMILY = "1,2";
			};
			name = Release;
		};
/* End XCBuildConfiguration section */

/* Begin XCConfigurationList section */
		CC4C8F5F20BC041800C36B5B /* Build configuration list for PBXProject "Kim0528-2" */ = {
			isa = XCConfigurationList;
			buildConfigurations = (
				CC4C8F7420BC041900C36B5B /* Debug */,
				CC4C8F7520BC041900C36B5B /* Release */,
			);
			defaultConfigurationIsVisible = 0;
			defaultConfigurationName = Release;
		};
		CC4C8F7620BC041900C36B5B /* Build configuration list for PBXNativeTarget "Kim0528-2" */ = {
			isa = XCConfigurationList;
			buildConfigurations = (
				CC4C8F7720BC041900C36B5B /* Debug */,
				CC4C8F7820BC041900C36B5B /* Release */,
			);
			defaultConfigurationIsVisible = 0;
			defaultConfigurationName = Release;
		};
/* End XCConfigurationList section */
	};
	rootObject = CC4C8F5C20BC041800C36B5B /* Project object */;
}
