// !$*UTF8*$!
{
	archiveVersion = 1;
	classes = {
	};
	objectVersion = 50;
	objects = {

/* Begin PBXBuildFile section */
		CC680E9620C4D76E001D348D /* AppDelegate.swift in Sources */ = {isa = PBXBuildFile; fileRef = CC680E9520C4D76E001D348D /* AppDelegate.swift */; };
		CC680E9820C4D76E001D348D /* ViewController.swift in Sources */ = {isa = PBXBuildFile; fileRef = CC680E9720C4D76E001D348D /* ViewController.swift */; };
		CC680E9B20C4D76E001D348D /* Main.storyboard in Resources */ = {isa = PBXBuildFile; fileRef = CC680E9920C4D76E001D348D /* Main.storyboard */; };
		CC680E9D20C4D76F001D348D /* Assets.xcassets in Resources */ = {isa = PBXBuildFile; fileRef = CC680E9C20C4D76F001D348D /* Assets.xcassets */; };
		CC680EA020C4D76F001D348D /* LaunchScreen.storyboard in Resources */ = {isa = PBXBuildFile; fileRef = CC680E9E20C4D76F001D348D /* LaunchScreen.storyboard */; };
		CC680EA820C4D950001D348D /* SecondViewController.swift in Sources */ = {isa = PBXBuildFile; fileRef = CC680EA720C4D950001D348D /* SecondViewController.swift */; };
		CC680EAA20C4EBEA001D348D /* ThirdController.swift in Sources */ = {isa = PBXBuildFile; fileRef = CC680EA920C4EBEA001D348D /* ThirdController.swift */; };
/* End PBXBuildFile section */

/* Begin PBXFileReference section */
		CC680E9220C4D76E001D348D /* kim0604.app */ = {isa = PBXFileReference; explicitFileType = wrapper.application; includeInIndex = 0; path = kim0604.app; sourceTree = BUILT_PRODUCTS_DIR; };
		CC680E9520C4D76E001D348D /* AppDelegate.swift */ = {isa = PBXFileReference; lastKnownFileType = sourcecode.swift; path = AppDelegate.swift; sourceTree = "<group>"; };
		CC680E9720C4D76E001D348D /* ViewController.swift */ = {isa = PBXFileReference; lastKnownFileType = sourcecode.swift; path = ViewController.swift; sourceTree = "<group>"; };
		CC680E9A20C4D76E001D348D /* Base */ = {isa = PBXFileReference; lastKnownFileType = file.storyboard; name = Base; path = Base.lproj/Main.storyboard; sourceTree = "<group>"; };
		CC680E9C20C4D76F001D348D /* Assets.xcassets */ = {isa = PBXFileReference; lastKnownFileType = folder.assetcatalog; path = Assets.xcassets; sourceTree = "<group>"; };
		CC680E9F20C4D76F001D348D /* Base */ = {isa = PBXFileReference; lastKnownFileType = file.storyboard; name = Base; path = Base.lproj/LaunchScreen.storyboard; sourceTree = "<group>"; };
		CC680EA120C4D76F001D348D /* Info.plist */ = {isa = PBXFileReference; lastKnownFileType = text.plist.xml; path = Info.plist; sourceTree = "<group>"; };
		CC680EA720C4D950001D348D /* SecondViewController.swift */ = {isa = PBXFileReference; lastKnownFileType = sourcecode.swift; path = SecondViewController.swift; sourceTree = "<group>"; };
		CC680EA920C4EBEA001D348D /* ThirdController.swift */ = {isa = PBXFileReference; lastKnownFileType = sourcecode.swift; path = ThirdController.swift; sourceTree = "<group>"; };
/* End PBXFileReference section */

/* Begin PBXFrameworksBuildPhase section */
		CC680E8F20C4D76E001D348D /* Frameworks */ = {
			isa = PBXFrameworksBuildPhase;
			buildActionMask = 2147483647;
			files = (
			);
			runOnlyForDeploymentPostprocessing = 0;
		};
/* End PBXFrameworksBuildPhase section */

/* Begin PBXGroup section */
		CC680E8920C4D76E001D348D = {
			isa = PBXGroup;
			children = (
				CC680E9420C4D76E001D348D /* kim0604 */,
				CC680E9320C4D76E001D348D /* Products */,
			);
			sourceTree = "<group>";
		};
		CC680E9320C4D76E001D348D /* Products */ = {
			isa = PBXGroup;
			children = (
				CC680E9220C4D76E001D348D /* kim0604.app */,
			);
			name = Products;
			sourceTree = "<group>";
		};
		CC680E9420C4D76E001D348D /* kim0604 */ = {
			isa = PBXGroup;
			children = (
				CC680E9520C4D76E001D348D /* AppDelegate.swift */,
				CC680E9720C4D76E001D348D /* ViewController.swift */,
				CC680E9920C4D76E001D348D /* Main.storyboard */,
				CC680EA720C4D950001D348D /* SecondViewController.swift */,
				CC680EA920C4EBEA001D348D /* ThirdController.swift */,
				CC680E9C20C4D76F001D348D /* Assets.xcassets */,
				CC680E9E20C4D76F001D348D /* LaunchScreen.storyboard */,
				CC680EA120C4D76F001D348D /* Info.plist */,
			);
			path = kim0604;
			sourceTree = "<group>";
		};
/* End PBXGroup section */

/* Begin PBXNativeTarget section */
		CC680E9120C4D76E001D348D /* kim0604 */ = {
			isa = PBXNativeTarget;
			buildConfigurationList = CC680EA420C4D76F001D348D /* Build configuration list for PBXNativeTarget "kim0604" */;
			buildPhases = (
				CC680E8E20C4D76E001D348D /* Sources */,
				CC680E8F20C4D76E001D348D /* Frameworks */,
				CC680E9020C4D76E001D348D /* Resources */,
			);
			buildRules = (
			);
			dependencies = (
			);
			name = kim0604;
			productName = kim0604;
			productReference = CC680E9220C4D76E001D348D /* kim0604.app */;
			productType = "com.apple.product-type.application";
		};
/* End PBXNativeTarget section */

/* Begin PBXProject section */
		CC680E8A20C4D76E001D348D /* Project object */ = {
			isa = PBXProject;
			attributes = {
				LastSwiftUpdateCheck = 0940;
				LastUpgradeCheck = 0940;
				ORGANIZATIONNAME = "김민웅";
				TargetAttributes = {
					CC680E9120C4D76E001D348D = {
						CreatedOnToolsVersion = 9.4;
					};
				};
			};
			buildConfigurationList = CC680E8D20C4D76E001D348D /* Build configuration list for PBXProject "kim0604" */;
			compatibilityVersion = "Xcode 9.3";
			developmentRegion = en;
			hasScannedForEncodings = 0;
			knownRegions = (
				en,
				Base,
			);
			mainGroup = CC680E8920C4D76E001D348D;
			productRefGroup = CC680E9320C4D76E001D348D /* Products */;
			projectDirPath = "";
			projectRoot = "";
			targets = (
				CC680E9120C4D76E001D348D /* kim0604 */,
			);
		};
/* End PBXProject section */

/* Begin PBXResourcesBuildPhase section */
		CC680E9020C4D76E001D348D /* Resources */ = {
			isa = PBXResourcesBuildPhase;
			buildActionMask = 2147483647;
			files = (
				CC680EA020C4D76F001D348D /* LaunchScreen.storyboard in Resources */,
				CC680E9D20C4D76F001D348D /* Assets.xcassets in Resources */,
				CC680E9B20C4D76E001D348D /* Main.storyboard in Resources */,
			);
			runOnlyForDeploymentPostprocessing = 0;
		};
/* End PBXResourcesBuildPhase section */

/* Begin PBXSourcesBuildPhase section */
		CC680E8E20C4D76E001D348D /* Sources */ = {
			isa = PBXSourcesBuildPhase;
			buildActionMask = 2147483647;
			files = (
				CC680E9820C4D76E001D348D /* ViewController.swift in Sources */,
				CC680EA820C4D950001D348D /* SecondViewController.swift in Sources */,
				CC680E9620C4D76E001D348D /* AppDelegate.swift in Sources */,
				CC680EAA20C4EBEA001D348D /* ThirdController.swift in Sources */,
			);
			runOnlyForDeploymentPostprocessing = 0;
		};
/* End PBXSourcesBuildPhase section */

/* Begin PBXVariantGroup section */
		CC680E9920C4D76E001D348D /* Main.storyboard */ = {
			isa = PBXVariantGroup;
			children = (
				CC680E9A20C4D76E001D348D /* Base */,
			);
			name = Main.storyboard;
			sourceTree = "<group>";
		};
		CC680E9E20C4D76F001D348D /* LaunchScreen.storyboard */ = {
			isa = PBXVariantGroup;
			children = (
				CC680E9F20C4D76F001D348D /* Base */,
			);
			name = LaunchScreen.storyboard;
			sourceTree = "<group>";
		};
/* End PBXVariantGroup section */

/* Begin XCBuildConfiguration section */
		CC680EA220C4D76F001D348D /* Debug */ = {
			isa = XCBuildConfiguration;
			buildSettings = {
				ALWAYS_SEARCH_USER_PATHS = NO;
				CLANG_ANALYZER_NONNULL = YES;
				CLANG_ANALYZER_NUMBER_OBJECT_CONVERSION = YES_AGGRESSIVE;
				CLANG_CXX_LANGUAGE_STANDARD = "gnu++14";
				CLANG_CXX_LIBRARY = "libc++";
				CLANG_ENABLE_MODULES = YES;
				CLANG_ENABLE_OBJC_ARC = YES;
				CLANG_ENABLE_OBJC_WEAK = YES;
				CLANG_WARN_BLOCK_CAPTURE_AUTORELEASING = YES;
				CLANG_WARN_BOOL_CONVERSION = YES;
				CLANG_WARN_COMMA = YES;
				CLANG_WARN_CONSTANT_CONVERSION = YES;
				CLANG_WARN_DEPRECATED_OBJC_IMPLEMENTATIONS = YES;
				CLANG_WARN_DIRECT_OBJC_ISA_USAGE = YES_ERROR;
				CLANG_WARN_DOCUMENTATION_COMMENTS = YES;
				CLANG_WARN_EMPTY_BODY = YES;
				CLANG_WARN_ENUM_CONVERSION = YES;
				CLANG_WARN_INFINITE_RECURSION = YES;
				CLANG_WARN_INT_CONVERSION = YES;
				CLANG_WARN_NON_LITERAL_NULL_CONVERSION = YES;
				CLANG_WARN_OBJC_IMPLICIT_RETAIN_SELF = YES;
				CLANG_WARN_OBJC_LITERAL_CONVERSION = YES;
				CLANG_WARN_OBJC_ROOT_CLASS = YES_ERROR;
				CLANG_WARN_RANGE_LOOP_ANALYSIS = YES;
				CLANG_WARN_STRICT_PROTOTYPES = YES;
				CLANG_WARN_SUSPICIOUS_MOVE = YES;
				CLANG_WARN_UNGUARDED_AVAILABILITY = YES_AGGRESSIVE;
				CLANG_WARN_UNREACHABLE_CODE = YES;
				CLANG_WARN__DUPLICATE_METHOD_MATCH = YES;
				CODE_SIGN_IDENTITY = "iPhone Developer";
				COPY_PHASE_STRIP = NO;
				DEBUG_INFORMATION_FORMAT = dwarf;
				ENABLE_STRICT_OBJC_MSGSEND = YES;
				ENABLE_TESTABILITY = YES;
				GCC_C_LANGUAGE_STANDARD = gnu11;
				GCC_DYNAMIC_NO_PIC = NO;
				GCC_NO_COMMON_BLOCKS = YES;
				GCC_OPTIMIZATION_LEVEL = 0;
				GCC_PREPROCESSOR_DEFINITIONS = (
					"DEBUG=1",
					"$(inherited)",
				);
				GCC_WARN_64_TO_32_BIT_CONVERSION = YES;
				GCC_WARN_ABOUT_RETURN_TYPE = YES_ERROR;
				GCC_WARN_UNDECLARED_SELECTOR = YES;
				GCC_WARN_UNINITIALIZED_AUTOS = YES_AGGRESSIVE;
				GCC_WARN_UNUSED_FUNCTION = YES;
				GCC_WARN_UNUSED_VARIABLE = YES;
				IPHONEOS_DEPLOYMENT_TARGET = 11.4;
				MTL_ENABLE_DEBUG_INFO = YES;
				ONLY_ACTIVE_ARCH = YES;
				SDKROOT = iphoneos;
				SWIFT_ACTIVE_COMPILATION_CONDITIONS = DEBUG;
				SWIFT_OPTIMIZATION_LEVEL = "-Onone";
			};
			name = Debug;
		};
		CC680EA320C4D76F001D348D /* Release */ = {
			isa = XCBuildConfiguration;
			buildSettings = {
				ALWAYS_SEARCH_USER_PATHS = NO;
				CLANG_ANALYZER_NONNULL = YES;
				CLANG_ANALYZER_NUMBER_OBJECT_CONVERSION = YES_AGGRESSIVE;
				CLANG_CXX_LANGUAGE_STANDARD = "gnu++14";
				CLANG_CXX_LIBRARY = "libc++";
				CLANG_ENABLE_MODULES = YES;
				CLANG_ENABLE_OBJC_ARC = YES;
				CLANG_ENABLE_OBJC_WEAK = YES;
				CLANG_WARN_BLOCK_CAPTURE_AUTORELEASING = YES;
				CLANG_WARN_BOOL_CONVERSION = YES;
				CLANG_WARN_COMMA = YES;
				CLANG_WARN_CONSTANT_CONVERSION = YES;
				CLANG_WARN_DEPRECATED_OBJC_IMPLEMENTATIONS = YES;
				CLANG_WARN_DIRECT_OBJC_ISA_USAGE = YES_ERROR;
				CLANG_WARN_DOCUMENTATION_COMMENTS = YES;
				CLANG_WARN_EMPTY_BODY = YES;
				CLANG_WARN_ENUM_CONVERSION = YES;
				CLANG_WARN_INFINITE_RECURSION = YES;
				CLANG_WARN_INT_CONVERSION = YES;
				CLANG_WARN_NON_LITERAL_NULL_CONVERSION = YES;
				CLANG_WARN_OBJC_IMPLICIT_RETAIN_SELF = YES;
				CLANG_WARN_OBJC_LITERAL_CONVERSION = YES;
				CLANG_WARN_OBJC_ROOT_CLASS = YES_ERROR;
				CLANG_WARN_RANGE_LOOP_ANALYSIS = YES;
				CLANG_WARN_STRICT_PROTOTYPES = YES;
				CLANG_WARN_SUSPICIOUS_MOVE = YES;
				CLANG_WARN_UNGUARDED_AVAILABILITY = YES_AGGRESSIVE;
				CLANG_WARN_UNREACHABLE_CODE = YES;
				CLANG_WARN__DUPLICATE_METHOD_MATCH = YES;
				CODE_SIGN_IDENTITY = "iPhone Developer";
				COPY_PHASE_STRIP = NO;
				DEBUG_INFORMATION_FORMAT = "dwarf-with-dsym";
				ENABLE_NS_ASSERTIONS = NO;
				ENABLE_STRICT_OBJC_MSGSEND = YES;
				GCC_C_LANGUAGE_STANDARD = gnu11;
				GCC_NO_COMMON_BLOCKS = YES;
				GCC_WARN_64_TO_32_BIT_CONVERSION = YES;
				GCC_WARN_ABOUT_RETURN_TYPE = YES_ERROR;
				GCC_WARN_UNDECLARED_SELECTOR = YES;
				GCC_WARN_UNINITIALIZED_AUTOS = YES_AGGRESSIVE;
				GCC_WARN_UNUSED_FUNCTION = YES;
				GCC_WARN_UNUSED_VARIABLE = YES;
				IPHONEOS_DEPLOYMENT_TARGET = 11.4;
				MTL_ENABLE_DEBUG_INFO = NO;
				SDKROOT = iphoneos;
				SWIFT_COMPILATION_MODE = wholemodule;
				SWIFT_OPTIMIZATION_LEVEL = "-O";
				VALIDATE_PRODUCT = YES;
			};
			name = Release;
		};
		CC680EA520C4D76F001D348D /* Debug */ = {
			isa = XCBuildConfiguration;
			buildSettings = {
				ASSETCATALOG_COMPILER_APPICON_NAME = AppIcon;
				CODE_SIGN_STYLE = Automatic;
				DEVELOPMENT_TEAM = 5Z8G42AVKD;
				INFOPLIST_FILE = kim0604/Info.plist;
				LD_RUNPATH_SEARCH_PATHS = (
					"$(inherited)",
					"@executable_path/Frameworks",
				);
				PRODUCT_BUNDLE_IDENTIFIER = kr.kimminung.kim0604;
				PRODUCT_NAME = "$(TARGET_NAME)";
				SWIFT_VERSION = 4.0;
				TARGETED_DEVICE_FAMILY = "1,2";
			};
			name = Debug;
		};
		CC680EA620C4D76F001D348D /* Release */ = {
			isa = XCBuildConfiguration;
			buildSettings = {
				ASSETCATALOG_COMPILER_APPICON_NAME = AppIcon;
				CODE_SIGN_STYLE = Automatic;
				DEVELOPMENT_TEAM = 5Z8G42AVKD;
				INFOPLIST_FILE = kim0604/Info.plist;
				LD_RUNPATH_SEARCH_PATHS = (
					"$(inherited)",
					"@executable_path/Frameworks",
				);
				PRODUCT_BUNDLE_IDENTIFIER = kr.kimminung.kim0604;
				PRODUCT_NAME = "$(TARGET_NAME)";
				SWIFT_VERSION = 4.0;
				TARGETED_DEVICE_FAMILY = "1,2";
			};
			name = Release;
		};
/* End XCBuildConfiguration section */

/* Begin XCConfigurationList section */
		CC680E8D20C4D76E001D348D /* Build configuration list for PBXProject "kim0604" */ = {
			isa = XCConfigurationList;
			buildConfigurations = (
				CC680EA220C4D76F001D348D /* Debug */,
				CC680EA320C4D76F001D348D /* Release */,
			);
			defaultConfigurationIsVisible = 0;
			defaultConfigurationName = Release;
		};
		CC680EA420C4D76F001D348D /* Build configuration list for PBXNativeTarget "kim0604" */ = {
			isa = XCConfigurationList;
			buildConfigurations = (
				CC680EA520C4D76F001D348D /* Debug */,
				CC680EA620C4D76F001D348D /* Release */,
			);
			defaultConfigurationIsVisible = 0;
			defaultConfigurationName = Release;
		};
/* End XCConfigurationList section */
	};
	rootObject = CC680E8A20C4D76E001D348D /* Project object */;
}
