// !$*UTF8*$!
{
	archiveVersion = 1;
	classes = {
	};
	objectVersion = 50;
	objects = {

/* Begin PBXBuildFile section */
		CCA3771B20BCFFEA00DF0814 /* AppDelegate.swift in Sources */ = {isa = PBXBuildFile; fileRef = CCA3771A20BCFFEA00DF0814 /* AppDelegate.swift */; };
		CCA3771D20BCFFEA00DF0814 /* ViewController.swift in Sources */ = {isa = PBXBuildFile; fileRef = CCA3771C20BCFFEA00DF0814 /* ViewController.swift */; };
		CCA3772020BCFFEA00DF0814 /* Main.storyboard in Resources */ = {isa = PBXBuildFile; fileRef = CCA3771E20BCFFEA00DF0814 /* Main.storyboard */; };
		CCA3772220BCFFEB00DF0814 /* Assets.xcassets in Resources */ = {isa = PBXBuildFile; fileRef = CCA3772120BCFFEB00DF0814 /* Assets.xcassets */; };
		CCA3772520BCFFEB00DF0814 /* LaunchScreen.storyboard in Resources */ = {isa = PBXBuildFile; fileRef = CCA3772320BCFFEB00DF0814 /* LaunchScreen.storyboard */; };
		CCA3772D20BD070000DF0814 /* BackGround.swift in Sources */ = {isa = PBXBuildFile; fileRef = CCA3772C20BD070000DF0814 /* BackGround.swift */; };
/* End PBXBuildFile section */

/* Begin PBXFileReference section */
		CCA3771720BCFFEA00DF0814 /* Kim0529-2.app */ = {isa = PBXFileReference; explicitFileType = wrapper.application; includeInIndex = 0; path = "Kim0529-2.app"; sourceTree = BUILT_PRODUCTS_DIR; };
		CCA3771A20BCFFEA00DF0814 /* AppDelegate.swift */ = {isa = PBXFileReference; lastKnownFileType = sourcecode.swift; path = AppDelegate.swift; sourceTree = "<group>"; };
		CCA3771C20BCFFEA00DF0814 /* ViewController.swift */ = {isa = PBXFileReference; lastKnownFileType = sourcecode.swift; path = ViewController.swift; sourceTree = "<group>"; };
		CCA3771F20BCFFEA00DF0814 /* Base */ = {isa = PBXFileReference; lastKnownFileType = file.storyboard; name = Base; path = Base.lproj/Main.storyboard; sourceTree = "<group>"; };
		CCA3772120BCFFEB00DF0814 /* Assets.xcassets */ = {isa = PBXFileReference; lastKnownFileType = folder.assetcatalog; path = Assets.xcassets; sourceTree = "<group>"; };
		CCA3772420BCFFEB00DF0814 /* Base */ = {isa = PBXFileReference; lastKnownFileType = file.storyboard; name = Base; path = Base.lproj/LaunchScreen.storyboard; sourceTree = "<group>"; };
		CCA3772620BCFFEB00DF0814 /* Info.plist */ = {isa = PBXFileReference; lastKnownFileType = text.plist.xml; path = Info.plist; sourceTree = "<group>"; };
		CCA3772C20BD070000DF0814 /* BackGround.swift */ = {isa = PBXFileReference; lastKnownFileType = sourcecode.swift; path = BackGround.swift; sourceTree = "<group>"; };
/* End PBXFileReference section */

/* Begin PBXFrameworksBuildPhase section */
		CCA3771420BCFFEA00DF0814 /* Frameworks */ = {
			isa = PBXFrameworksBuildPhase;
			buildActionMask = 2147483647;
			files = (
			);
			runOnlyForDeploymentPostprocessing = 0;
		};
/* End PBXFrameworksBuildPhase section */

/* Begin PBXGroup section */
		CCA3770E20BCFFEA00DF0814 = {
			isa = PBXGroup;
			children = (
				CCA3771920BCFFEA00DF0814 /* Kim0529-2 */,
				CCA3771820BCFFEA00DF0814 /* Products */,
			);
			sourceTree = "<group>";
		};
		CCA3771820BCFFEA00DF0814 /* Products */ = {
			isa = PBXGroup;
			children = (
				CCA3771720BCFFEA00DF0814 /* Kim0529-2.app */,
			);
			name = Products;
			sourceTree = "<group>";
		};
		CCA3771920BCFFEA00DF0814 /* Kim0529-2 */ = {
			isa = PBXGroup;
			children = (
				CCA3771A20BCFFEA00DF0814 /* AppDelegate.swift */,
				CCA3771C20BCFFEA00DF0814 /* ViewController.swift */,
				CCA3771E20BCFFEA00DF0814 /* Main.storyboard */,
				CCA3772120BCFFEB00DF0814 /* Assets.xcassets */,
				CCA3772320BCFFEB00DF0814 /* LaunchScreen.storyboard */,
				CCA3772620BCFFEB00DF0814 /* Info.plist */,
				CCA3772C20BD070000DF0814 /* BackGround.swift */,
			);
			path = "Kim0529-2";
			sourceTree = "<group>";
		};
/* End PBXGroup section */

/* Begin PBXNativeTarget section */
		CCA3771620BCFFEA00DF0814 /* Kim0529-2 */ = {
			isa = PBXNativeTarget;
			buildConfigurationList = CCA3772920BCFFEB00DF0814 /* Build configuration list for PBXNativeTarget "Kim0529-2" */;
			buildPhases = (
				CCA3771320BCFFEA00DF0814 /* Sources */,
				CCA3771420BCFFEA00DF0814 /* Frameworks */,
				CCA3771520BCFFEA00DF0814 /* Resources */,
			);
			buildRules = (
			);
			dependencies = (
			);
			name = "Kim0529-2";
			productName = "Kim0529-2";
			productReference = CCA3771720BCFFEA00DF0814 /* Kim0529-2.app */;
			productType = "com.apple.product-type.application";
		};
/* End PBXNativeTarget section */

/* Begin PBXProject section */
		CCA3770F20BCFFEA00DF0814 /* Project object */ = {
			isa = PBXProject;
			attributes = {
				LastSwiftUpdateCheck = 0930;
				LastUpgradeCheck = 0930;
				ORGANIZATIONNAME = "김민웅";
				TargetAttributes = {
					CCA3771620BCFFEA00DF0814 = {
						CreatedOnToolsVersion = 9.3.1;
					};
				};
			};
			buildConfigurationList = CCA3771220BCFFEA00DF0814 /* Build configuration list for PBXProject "Kim0529-2" */;
			compatibilityVersion = "Xcode 9.3";
			developmentRegion = en;
			hasScannedForEncodings = 0;
			knownRegions = (
				en,
				Base,
			);
			mainGroup = CCA3770E20BCFFEA00DF0814;
			productRefGroup = CCA3771820BCFFEA00DF0814 /* Products */;
			projectDirPath = "";
			projectRoot = "";
			targets = (
				CCA3771620BCFFEA00DF0814 /* Kim0529-2 */,
			);
		};
/* End PBXProject section */

/* Begin PBXResourcesBuildPhase section */
		CCA3771520BCFFEA00DF0814 /* Resources */ = {
			isa = PBXResourcesBuildPhase;
			buildActionMask = 2147483647;
			files = (
				CCA3772520BCFFEB00DF0814 /* LaunchScreen.storyboard in Resources */,
				CCA3772220BCFFEB00DF0814 /* Assets.xcassets in Resources */,
				CCA3772020BCFFEA00DF0814 /* Main.storyboard in Resources */,
			);
			runOnlyForDeploymentPostprocessing = 0;
		};
/* End PBXResourcesBuildPhase section */

/* Begin PBXSourcesBuildPhase section */
		CCA3771320BCFFEA00DF0814 /* Sources */ = {
			isa = PBXSourcesBuildPhase;
			buildActionMask = 2147483647;
			files = (
				CCA3772D20BD070000DF0814 /* BackGround.swift in Sources */,
				CCA3771D20BCFFEA00DF0814 /* ViewController.swift in Sources */,
				CCA3771B20BCFFEA00DF0814 /* AppDelegate.swift in Sources */,
			);
			runOnlyForDeploymentPostprocessing = 0;
		};
/* End PBXSourcesBuildPhase section */

/* Begin PBXVariantGroup section */
		CCA3771E20BCFFEA00DF0814 /* Main.storyboard */ = {
			isa = PBXVariantGroup;
			children = (
				CCA3771F20BCFFEA00DF0814 /* Base */,
			);
			name = Main.storyboard;
			sourceTree = "<group>";
		};
		CCA3772320BCFFEB00DF0814 /* LaunchScreen.storyboard */ = {
			isa = PBXVariantGroup;
			children = (
				CCA3772420BCFFEB00DF0814 /* Base */,
			);
			name = LaunchScreen.storyboard;
			sourceTree = "<group>";
		};
/* End PBXVariantGroup section */

/* Begin XCBuildConfiguration section */
		CCA3772720BCFFEB00DF0814 /* Debug */ = {
			isa = XCBuildConfiguration;
			buildSettings = {
				ALWAYS_SEARCH_USER_PATHS = NO;
				CLANG_ANALYZER_NONNULL = YES;
				CLANG_ANALYZER_NUMBER_OBJECT_CONVERSION = YES_AGGRESSIVE;
				CLANG_CXX_LANGUAGE_STANDARD = "gnu++14";
				CLANG_CXX_LIBRARY = "libc++";
				CLANG_ENABLE_MODULES = YES;
				CLANG_ENABLE_OBJC_ARC = YES;
				CLANG_ENABLE_OBJC_WEAK = YES;
				CLANG_WARN_BLOCK_CAPTURE_AUTORELEASING = YES;
				CLANG_WARN_BOOL_CONVERSION = YES;
				CLANG_WARN_COMMA = YES;
				CLANG_WARN_CONSTANT_CONVERSION = YES;
				CLANG_WARN_DEPRECATED_OBJC_IMPLEMENTATIONS = YES;
				CLANG_WARN_DIRECT_OBJC_ISA_USAGE = YES_ERROR;
				CLANG_WARN_DOCUMENTATION_COMMENTS = YES;
				CLANG_WARN_EMPTY_BODY = YES;
				CLANG_WARN_ENUM_CONVERSION = YES;
				CLANG_WARN_INFINITE_RECURSION = YES;
				CLANG_WARN_INT_CONVERSION = YES;
				CLANG_WARN_NON_LITERAL_NULL_CONVERSION = YES;
				CLANG_WARN_OBJC_IMPLICIT_RETAIN_SELF = YES;
				CLANG_WARN_OBJC_LITERAL_CONVERSION = YES;
				CLANG_WARN_OBJC_ROOT_CLASS = YES_ERROR;
				CLANG_WARN_RANGE_LOOP_ANALYSIS = YES;
				CLANG_WARN_STRICT_PROTOTYPES = YES;
				CLANG_WARN_SUSPICIOUS_MOVE = YES;
				CLANG_WARN_UNGUARDED_AVAILABILITY = YES_AGGRESSIVE;
				CLANG_WARN_UNREACHABLE_CODE = YES;
				CLANG_WARN__DUPLICATE_METHOD_MATCH = YES;
				CODE_SIGN_IDENTITY = "iPhone Developer";
				COPY_PHASE_STRIP = NO;
				DEBUG_INFORMATION_FORMAT = dwarf;
				ENABLE_STRICT_OBJC_MSGSEND = YES;
				ENABLE_TESTABILITY = YES;
				GCC_C_LANGUAGE_STANDARD = gnu11;
				GCC_DYNAMIC_NO_PIC = NO;
				GCC_NO_COMMON_BLOCKS = YES;
				GCC_OPTIMIZATION_LEVEL = 0;
				GCC_PREPROCESSOR_DEFINITIONS = (
					"DEBUG=1",
					"$(inherited)",
				);
				GCC_WARN_64_TO_32_BIT_CONVERSION = YES;
				GCC_WARN_ABOUT_RETURN_TYPE = YES_ERROR;
				GCC_WARN_UNDECLARED_SELECTOR = YES;
				GCC_WARN_UNINITIALIZED_AUTOS = YES_AGGRESSIVE;
				GCC_WARN_UNUSED_FUNCTION = YES;
				GCC_WARN_UNUSED_VARIABLE = YES;
				IPHONEOS_DEPLOYMENT_TARGET = 11.3;
				MTL_ENABLE_DEBUG_INFO = YES;
				ONLY_ACTIVE_ARCH = YES;
				SDKROOT = iphoneos;
				SWIFT_ACTIVE_COMPILATION_CONDITIONS = DEBUG;
				SWIFT_OPTIMIZATION_LEVEL = "-Onone";
			};
			name = Debug;
		};
		CCA3772820BCFFEB00DF0814 /* Release */ = {
			isa = XCBuildConfiguration;
			buildSettings = {
				ALWAYS_SEARCH_USER_PATHS = NO;
				CLANG_ANALYZER_NONNULL = YES;
				CLANG_ANALYZER_NUMBER_OBJECT_CONVERSION = YES_AGGRESSIVE;
				CLANG_CXX_LANGUAGE_STANDARD = "gnu++14";
				CLANG_CXX_LIBRARY = "libc++";
				CLANG_ENABLE_MODULES = YES;
				CLANG_ENABLE_OBJC_ARC = YES;
				CLANG_ENABLE_OBJC_WEAK = YES;
				CLANG_WARN_BLOCK_CAPTURE_AUTORELEASING = YES;
				CLANG_WARN_BOOL_CONVERSION = YES;
				CLANG_WARN_COMMA = YES;
				CLANG_WARN_CONSTANT_CONVERSION = YES;
				CLANG_WARN_DEPRECATED_OBJC_IMPLEMENTATIONS = YES;
				CLANG_WARN_DIRECT_OBJC_ISA_USAGE = YES_ERROR;
				CLANG_WARN_DOCUMENTATION_COMMENTS = YES;
				CLANG_WARN_EMPTY_BODY = YES;
				CLANG_WARN_ENUM_CONVERSION = YES;
				CLANG_WARN_INFINITE_RECURSION = YES;
				CLANG_WARN_INT_CONVERSION = YES;
				CLANG_WARN_NON_LITERAL_NULL_CONVERSION = YES;
				CLANG_WARN_OBJC_IMPLICIT_RETAIN_SELF = YES;
				CLANG_WARN_OBJC_LITERAL_CONVERSION = YES;
				CLANG_WARN_OBJC_ROOT_CLASS = YES_ERROR;
				CLANG_WARN_RANGE_LOOP_ANALYSIS = YES;
				CLANG_WARN_STRICT_PROTOTYPES = YES;
				CLANG_WARN_SUSPICIOUS_MOVE = YES;
				CLANG_WARN_UNGUARDED_AVAILABILITY = YES_AGGRESSIVE;
				CLANG_WARN_UNREACHABLE_CODE = YES;
				CLANG_WARN__DUPLICATE_METHOD_MATCH = YES;
				CODE_SIGN_IDENTITY = "iPhone Developer";
				COPY_PHASE_STRIP = NO;
				DEBUG_INFORMATION_FORMAT = "dwarf-with-dsym";
				ENABLE_NS_ASSERTIONS = NO;
				ENABLE_STRICT_OBJC_MSGSEND = YES;
				GCC_C_LANGUAGE_STANDARD = gnu11;
				GCC_NO_COMMON_BLOCKS = YES;
				GCC_WARN_64_TO_32_BIT_CONVERSION = YES;
				GCC_WARN_ABOUT_RETURN_TYPE = YES_ERROR;
				GCC_WARN_UNDECLARED_SELECTOR = YES;
				GCC_WARN_UNINITIALIZED_AUTOS = YES_AGGRESSIVE;
				GCC_WARN_UNUSED_FUNCTION = YES;
				GCC_WARN_UNUSED_VARIABLE = YES;
				IPHONEOS_DEPLOYMENT_TARGET = 11.3;
				MTL_ENABLE_DEBUG_INFO = NO;
				SDKROOT = iphoneos;
				SWIFT_COMPILATION_MODE = wholemodule;
				SWIFT_OPTIMIZATION_LEVEL = "-O";
				VALIDATE_PRODUCT = YES;
			};
			name = Release;
		};
		CCA3772A20BCFFEB00DF0814 /* Debug */ = {
			isa = XCBuildConfiguration;
			buildSettings = {
				ASSETCATALOG_COMPILER_APPICON_NAME = AppIcon;
				CODE_SIGN_STYLE = Automatic;
				DEVELOPMENT_TEAM = 5Z8G42AVKD;
				INFOPLIST_FILE = "Kim0529-2/Info.plist";
				LD_RUNPATH_SEARCH_PATHS = (
					"$(inherited)",
					"@executable_path/Frameworks",
				);
				PRODUCT_BUNDLE_IDENTIFIER = "kr.kimminung.Kim0529-2";
				PRODUCT_NAME = "$(TARGET_NAME)";
				SWIFT_VERSION = 4.0;
				TARGETED_DEVICE_FAMILY = "1,2";
			};
			name = Debug;
		};
		CCA3772B20BCFFEB00DF0814 /* Release */ = {
			isa = XCBuildConfiguration;
			buildSettings = {
				ASSETCATALOG_COMPILER_APPICON_NAME = AppIcon;
				CODE_SIGN_STYLE = Automatic;
				DEVELOPMENT_TEAM = 5Z8G42AVKD;
				INFOPLIST_FILE = "Kim0529-2/Info.plist";
				LD_RUNPATH_SEARCH_PATHS = (
					"$(inherited)",
					"@executable_path/Frameworks",
				);
				PRODUCT_BUNDLE_IDENTIFIER = "kr.kimminung.Kim0529-2";
				PRODUCT_NAME = "$(TARGET_NAME)";
				SWIFT_VERSION = 4.0;
				TARGETED_DEVICE_FAMILY = "1,2";
			};
			name = Release;
		};
/* End XCBuildConfiguration section */

/* Begin XCConfigurationList section */
		CCA3771220BCFFEA00DF0814 /* Build configuration list for PBXProject "Kim0529-2" */ = {
			isa = XCConfigurationList;
			buildConfigurations = (
				CCA3772720BCFFEB00DF0814 /* Debug */,
				CCA3772820BCFFEB00DF0814 /* Release */,
			);
			defaultConfigurationIsVisible = 0;
			defaultConfigurationName = Release;
		};
		CCA3772920BCFFEB00DF0814 /* Build configuration list for PBXNativeTarget "Kim0529-2" */ = {
			isa = XCConfigurationList;
			buildConfigurations = (
				CCA3772A20BCFFEB00DF0814 /* Debug */,
				CCA3772B20BCFFEB00DF0814 /* Release */,
			);
			defaultConfigurationIsVisible = 0;
			defaultConfigurationName = Release;
		};
/* End XCConfigurationList section */
	};
	rootObject = CCA3770F20BCFFEA00DF0814 /* Project object */;
}
